// !$*UTF8*$!
{
	archiveVersion = 1;
	classes = {
	};
	objectVersion = 56;
	objects = {

/* Begin PBXBuildFile section */
		3A5536702B06FBEF009E52E7 /* MovieFinderAppApp.swift in Sources */ = {isa = PBXBuildFile; fileRef = 3A55366F2B06FBEF009E52E7 /* MovieFinderAppApp.swift */; };
		3A5536722B06FBEF009E52E7 /* ContentView.swift in Sources */ = {isa = PBXBuildFile; fileRef = 3A5536712B06FBEF009E52E7 /* ContentView.swift */; };
		3A5536742B06FBF1009E52E7 /* Assets.xcassets in Resources */ = {isa = PBXBuildFile; fileRef = 3A5536732B06FBF1009E52E7 /* Assets.xcassets */; };
		3A5536772B06FBF1009E52E7 /* Preview Assets.xcassets in Resources */ = {isa = PBXBuildFile; fileRef = 3A5536762B06FBF1009E52E7 /* Preview Assets.xcassets */; };
		3A55367F2B06FCD0009E52E7 /* MovieViewModel.swift in Sources */ = {isa = PBXBuildFile; fileRef = 3A55367E2B06FCD0009E52E7 /* MovieViewModel.swift */; };
		3A5536822B070328009E52E7 /* Discover.swift in Sources */ = {isa = PBXBuildFile; fileRef = 3A5536812B070328009E52E7 /* Discover.swift */; };
		3A5536852B072539009E52E7 /* SDWebImageSwiftUI in Frameworks */ = {isa = PBXBuildFile; productRef = 3A5536842B072539009E52E7 /* SDWebImageSwiftUI */; };
		3A5536872B073983009E52E7 /* MovieInfoView.swift in Sources */ = {isa = PBXBuildFile; fileRef = 3A5536862B073983009E52E7 /* MovieInfoView.swift */; };
		3AA1FD512B09E1E20070A536 /* Axiforma-Light.ttf in Resources */ = {isa = PBXBuildFile; fileRef = 3AA1FD3D2B09E1E10070A536 /* Axiforma-Light.ttf */; };
		3AA1FD522B09E1E20070A536 /* Axiforma-ExtraBold.ttf in Resources */ = {isa = PBXBuildFile; fileRef = 3AA1FD3E2B09E1E10070A536 /* Axiforma-ExtraBold.ttf */; };
		3AA1FD532B09E1E20070A536 /* Axiforma-Heavy.ttf in Resources */ = {isa = PBXBuildFile; fileRef = 3AA1FD3F2B09E1E10070A536 /* Axiforma-Heavy.ttf */; };
		3AA1FD592B09E1E20070A536 /* Axiforma-Book.ttf in Resources */ = {isa = PBXBuildFile; fileRef = 3AA1FD452B09E1E10070A536 /* Axiforma-Book.ttf */; };
		3AA1FD5A2B09E1E20070A536 /* Axiforma-Regular.ttf in Resources */ = {isa = PBXBuildFile; fileRef = 3AA1FD462B09E1E10070A536 /* Axiforma-Regular.ttf */; };
		3AA1FD5F2B09E1E20070A536 /* Axiforma-SemiBold.ttf in Resources */ = {isa = PBXBuildFile; fileRef = 3AA1FD4B2B09E1E20070A536 /* Axiforma-SemiBold.ttf */; };
		3AA1FD612B09E1E20070A536 /* Axiforma-Thin.ttf in Resources */ = {isa = PBXBuildFile; fileRef = 3AA1FD4D2B09E1E20070A536 /* Axiforma-Thin.ttf */; };
		3AA1FD632B09E1E20070A536 /* Axiforma-Medium.ttf in Resources */ = {isa = PBXBuildFile; fileRef = 3AA1FD4F2B09E1E20070A536 /* Axiforma-Medium.ttf */; };
		3AA1FD642B09E1E20070A536 /* Axiforma-Bold.ttf in Resources */ = {isa = PBXBuildFile; fileRef = 3AA1FD502B09E1E20070A536 /* Axiforma-Bold.ttf */; };
		3AA1FD692B09E4C50070A536 /* Axiforma-Black.ttf in Resources */ = {isa = PBXBuildFile; fileRef = 3AA1FD682B09E4C50070A536 /* Axiforma-Black.ttf */; };
/* End PBXBuildFile section */

/* Begin PBXFileReference section */
		3A55366C2B06FBEF009E52E7 /* MovieFinderApp.app */ = {isa = PBXFileReference; explicitFileType = wrapper.application; includeInIndex = 0; path = MovieFinderApp.app; sourceTree = BUILT_PRODUCTS_DIR; };
		3A55366F2B06FBEF009E52E7 /* MovieFinderAppApp.swift */ = {isa = PBXFileReference; lastKnownFileType = sourcecode.swift; path = MovieFinderAppApp.swift; sourceTree = "<group>"; };
		3A5536712B06FBEF009E52E7 /* ContentView.swift */ = {isa = PBXFileReference; lastKnownFileType = sourcecode.swift; path = ContentView.swift; sourceTree = "<group>"; };
		3A5536732B06FBF1009E52E7 /* Assets.xcassets */ = {isa = PBXFileReference; lastKnownFileType = folder.assetcatalog; path = Assets.xcassets; sourceTree = "<group>"; };
		3A5536762B06FBF1009E52E7 /* Preview Assets.xcassets */ = {isa = PBXFileReference; lastKnownFileType = folder.assetcatalog; path = "Preview Assets.xcassets"; sourceTree = "<group>"; };
		3A55367E2B06FCD0009E52E7 /* MovieViewModel.swift */ = {isa = PBXFileReference; lastKnownFileType = sourcecode.swift; path = MovieViewModel.swift; sourceTree = "<group>"; };
		3A5536812B070328009E52E7 /* Discover.swift */ = {isa = PBXFileReference; lastKnownFileType = sourcecode.swift; path = Discover.swift; sourceTree = "<group>"; };
		3A5536862B073983009E52E7 /* MovieInfoView.swift */ = {isa = PBXFileReference; lastKnownFileType = sourcecode.swift; path = MovieInfoView.swift; sourceTree = "<group>"; };
		3AA1FD3D2B09E1E10070A536 /* Axiforma-Light.ttf */ = {isa = PBXFileReference; lastKnownFileType = file; path = "Axiforma-Light.ttf"; sourceTree = "<group>"; };
		3AA1FD3E2B09E1E10070A536 /* Axiforma-ExtraBold.ttf */ = {isa = PBXFileReference; lastKnownFileType = file; path = "Axiforma-ExtraBold.ttf"; sourceTree = "<group>"; };
		3AA1FD3F2B09E1E10070A536 /* Axiforma-Heavy.ttf */ = {isa = PBXFileReference; lastKnownFileType = file; path = "Axiforma-Heavy.ttf"; sourceTree = "<group>"; };
		3AA1FD452B09E1E10070A536 /* Axiforma-Book.ttf */ = {isa = PBXFileReference; lastKnownFileType = file; path = "Axiforma-Book.ttf"; sourceTree = "<group>"; };
		3AA1FD462B09E1E10070A536 /* Axiforma-Regular.ttf */ = {isa = PBXFileReference; lastKnownFileType = file; path = "Axiforma-Regular.ttf"; sourceTree = "<group>"; };
		3AA1FD4B2B09E1E20070A536 /* Axiforma-SemiBold.ttf */ = {isa = PBXFileReference; lastKnownFileType = file; path = "Axiforma-SemiBold.ttf"; sourceTree = "<group>"; };
		3AA1FD4D2B09E1E20070A536 /* Axiforma-Thin.ttf */ = {isa = PBXFileReference; lastKnownFileType = file; path = "Axiforma-Thin.ttf"; sourceTree = "<group>"; };
		3AA1FD4F2B09E1E20070A536 /* Axiforma-Medium.ttf */ = {isa = PBXFileReference; lastKnownFileType = file; path = "Axiforma-Medium.ttf"; sourceTree = "<group>"; };
		3AA1FD502B09E1E20070A536 /* Axiforma-Bold.ttf */ = {isa = PBXFileReference; lastKnownFileType = file; path = "Axiforma-Bold.ttf"; sourceTree = "<group>"; };
		3AA1FD652B09E3F10070A536 /* Info.plist */ = {isa = PBXFileReference; lastKnownFileType = text.plist; path = Info.plist; sourceTree = "<group>"; };
		3AA1FD682B09E4C50070A536 /* Axiforma-Black.ttf */ = {isa = PBXFileReference; lastKnownFileType = file; path = "Axiforma-Black.ttf"; sourceTree = "<group>"; };
/* End PBXFileReference section */

/* Begin PBXFrameworksBuildPhase section */
		3A5536692B06FBEF009E52E7 /* Frameworks */ = {
			isa = PBXFrameworksBuildPhase;
			buildActionMask = 2147483647;
			files = (
				3A5536852B072539009E52E7 /* SDWebImageSwiftUI in Frameworks */,
			);
			runOnlyForDeploymentPostprocessing = 0;
		};
/* End PBXFrameworksBuildPhase section */

/* Begin PBXGroup section */
		3A5536632B06FBEF009E52E7 = {
			isa = PBXGroup;
			children = (
				3A55366E2B06FBEF009E52E7 /* MovieFinderApp */,
				3A55366D2B06FBEF009E52E7 /* Products */,
			);
			sourceTree = "<group>";
		};
		3A55366D2B06FBEF009E52E7 /* Products */ = {
			isa = PBXGroup;
			children = (
				3A55366C2B06FBEF009E52E7 /* MovieFinderApp.app */,
			);
			name = Products;
			sourceTree = "<group>";
		};
		3A55366E2B06FBEF009E52E7 /* MovieFinderApp */ = {
			isa = PBXGroup;
			children = (
				3AA1FD652B09E3F10070A536 /* Info.plist */,
				3AA1FD2A2B09DFFC0070A536 /* Fonts */,
				3A5536802B07030D009E52E7 /* Model */,
				3A55367D2B06FC5F009E52E7 /* ViewModel */,
				3A55366F2B06FBEF009E52E7 /* MovieFinderAppApp.swift */,
				3A5536712B06FBEF009E52E7 /* ContentView.swift */,
				3A5536732B06FBF1009E52E7 /* Assets.xcassets */,
				3A5536752B06FBF1009E52E7 /* Preview Content */,
				3A5536862B073983009E52E7 /* MovieInfoView.swift */,
			);
			path = MovieFinderApp;
			sourceTree = "<group>";
		};
		3A5536752B06FBF1009E52E7 /* Preview Content */ = {
			isa = PBXGroup;
			children = (
				3A5536762B06FBF1009E52E7 /* Preview Assets.xcassets */,
			);
			path = "Preview Content";
			sourceTree = "<group>";
		};
		3A55367D2B06FC5F009E52E7 /* ViewModel */ = {
			isa = PBXGroup;
			children = (
				3A55367E2B06FCD0009E52E7 /* MovieViewModel.swift */,
			);
			path = ViewModel;
			sourceTree = "<group>";
		};
		3A5536802B07030D009E52E7 /* Model */ = {
			isa = PBXGroup;
			children = (
				3A5536812B070328009E52E7 /* Discover.swift */,
			);
			path = Model;
			sourceTree = "<group>";
		};
		3AA1FD2A2B09DFFC0070A536 /* Fonts */ = {
			isa = PBXGroup;
			children = (
				3AA1FD682B09E4C50070A536 /* Axiforma-Black.ttf */,
				3AA1FD502B09E1E20070A536 /* Axiforma-Bold.ttf */,
				3AA1FD452B09E1E10070A536 /* Axiforma-Book.ttf */,
				3AA1FD3E2B09E1E10070A536 /* Axiforma-ExtraBold.ttf */,
				3AA1FD3F2B09E1E10070A536 /* Axiforma-Heavy.ttf */,
				3AA1FD3D2B09E1E10070A536 /* Axiforma-Light.ttf */,
				3AA1FD4F2B09E1E20070A536 /* Axiforma-Medium.ttf */,
				3AA1FD462B09E1E10070A536 /* Axiforma-Regular.ttf */,
				3AA1FD4B2B09E1E20070A536 /* Axiforma-SemiBold.ttf */,
				3AA1FD4D2B09E1E20070A536 /* Axiforma-Thin.ttf */,
			);
			path = Fonts;
			sourceTree = "<group>";
		};
/* End PBXGroup section */

/* Begin PBXNativeTarget section */
		3A55366B2B06FBEF009E52E7 /* MovieFinderApp */ = {
			isa = PBXNativeTarget;
			buildConfigurationList = 3A55367A2B06FBF1009E52E7 /* Build configuration list for PBXNativeTarget "MovieFinderApp" */;
			buildPhases = (
				3A5536682B06FBEF009E52E7 /* Sources */,
				3A5536692B06FBEF009E52E7 /* Frameworks */,
				3A55366A2B06FBEF009E52E7 /* Resources */,
			);
			buildRules = (
			);
			dependencies = (
			);
			name = MovieFinderApp;
			packageProductDependencies = (
				3A5536842B072539009E52E7 /* SDWebImageSwiftUI */,
			);
			productName = MovieFinderApp;
			productReference = 3A55366C2B06FBEF009E52E7 /* MovieFinderApp.app */;
			productType = "com.apple.product-type.application";
		};
/* End PBXNativeTarget section */

/* Begin PBXProject section */
		3A5536642B06FBEF009E52E7 /* Project object */ = {
			isa = PBXProject;
			attributes = {
				BuildIndependentTargetsInParallel = 1;
				LastSwiftUpdateCheck = 1500;
				LastUpgradeCheck = 1500;
				TargetAttributes = {
					3A55366B2B06FBEF009E52E7 = {
						CreatedOnToolsVersion = 15.0;
					};
				};
			};
			buildConfigurationList = 3A5536672B06FBEF009E52E7 /* Build configuration list for PBXProject "MovieFinderApp" */;
			compatibilityVersion = "Xcode 14.0";
			developmentRegion = en;
			hasScannedForEncodings = 0;
			knownRegions = (
				en,
				Base,
			);
			mainGroup = 3A5536632B06FBEF009E52E7;
			packageReferences = (
				3A5536832B072539009E52E7 /* XCRemoteSwiftPackageReference "SDWebImageSwiftUI" */,
			);
			productRefGroup = 3A55366D2B06FBEF009E52E7 /* Products */;
			projectDirPath = "";
			projectRoot = "";
			targets = (
				3A55366B2B06FBEF009E52E7 /* MovieFinderApp */,
			);
		};
/* End PBXProject section */

/* Begin PBXResourcesBuildPhase section */
		3A55366A2B06FBEF009E52E7 /* Resources */ = {
			isa = PBXResourcesBuildPhase;
			buildActionMask = 2147483647;
			files = (
				3AA1FD5F2B09E1E20070A536 /* Axiforma-SemiBold.ttf in Resources */,
				3AA1FD612B09E1E20070A536 /* Axiforma-Thin.ttf in Resources */,
				3AA1FD532B09E1E20070A536 /* Axiforma-Heavy.ttf in Resources */,
				3AA1FD692B09E4C50070A536 /* Axiforma-Black.ttf in Resources */,
				3AA1FD592B09E1E20070A536 /* Axiforma-Book.ttf in Resources */,
				3A5536772B06FBF1009E52E7 /* Preview Assets.xcassets in Resources */,
				3AA1FD512B09E1E20070A536 /* Axiforma-Light.ttf in Resources */,
				3AA1FD5A2B09E1E20070A536 /* Axiforma-Regular.ttf in Resources */,
				3A5536742B06FBF1009E52E7 /* Assets.xcassets in Resources */,
				3AA1FD522B09E1E20070A536 /* Axiforma-ExtraBold.ttf in Resources */,
				3AA1FD642B09E1E20070A536 /* Axiforma-Bold.ttf in Resources */,
				3AA1FD632B09E1E20070A536 /* Axiforma-Medium.ttf in Resources */,
			);
			runOnlyForDeploymentPostprocessing = 0;
		};
/* End PBXResourcesBuildPhase section */

/* Begin PBXSourcesBuildPhase section */
		3A5536682B06FBEF009E52E7 /* Sources */ = {
			isa = PBXSourcesBuildPhase;
			buildActionMask = 2147483647;
			files = (
				3A5536822B070328009E52E7 /* Discover.swift in Sources */,
				3A5536722B06FBEF009E52E7 /* ContentView.swift in Sources */,
				3A5536702B06FBEF009E52E7 /* MovieFinderAppApp.swift in Sources */,
				3A55367F2B06FCD0009E52E7 /* MovieViewModel.swift in Sources */,
				3A5536872B073983009E52E7 /* MovieInfoView.swift in Sources */,
			);
			runOnlyForDeploymentPostprocessing = 0;
		};
/* End PBXSourcesBuildPhase section */

/* Begin XCBuildConfiguration section */
		3A5536782B06FBF1009E52E7 /* Debug */ = {
			isa = XCBuildConfiguration;
			buildSettings = {
				ALWAYS_SEARCH_USER_PATHS = NO;
				ASSETCATALOG_COMPILER_GENERATE_SWIFT_ASSET_SYMBOL_EXTENSIONS = YES;
				CLANG_ANALYZER_NONNULL = YES;
				CLANG_ANALYZER_NUMBER_OBJECT_CONVERSION = YES_AGGRESSIVE;
				CLANG_CXX_LANGUAGE_STANDARD = "gnu++20";
				CLANG_ENABLE_MODULES = YES;
				CLANG_ENABLE_OBJC_ARC = YES;
				CLANG_ENABLE_OBJC_WEAK = YES;
				CLANG_WARN_BLOCK_CAPTURE_AUTORELEASING = YES;
				CLANG_WARN_BOOL_CONVERSION = YES;
				CLANG_WARN_COMMA = YES;
				CLANG_WARN_CONSTANT_CONVERSION = YES;
				CLANG_WARN_DEPRECATED_OBJC_IMPLEMENTATIONS = YES;
				CLANG_WARN_DIRECT_OBJC_ISA_USAGE = YES_ERROR;
				CLANG_WARN_DOCUMENTATION_COMMENTS = YES;
				CLANG_WARN_EMPTY_BODY = YES;
				CLANG_WARN_ENUM_CONVERSION = YES;
				CLANG_WARN_INFINITE_RECURSION = YES;
				CLANG_WARN_INT_CONVERSION = YES;
				CLANG_WARN_NON_LITERAL_NULL_CONVERSION = YES;
				CLANG_WARN_OBJC_IMPLICIT_RETAIN_SELF = YES;
				CLANG_WARN_OBJC_LITERAL_CONVERSION = YES;
				CLANG_WARN_OBJC_ROOT_CLASS = YES_ERROR;
				CLANG_WARN_QUOTED_INCLUDE_IN_FRAMEWORK_HEADER = YES;
				CLANG_WARN_RANGE_LOOP_ANALYSIS = YES;
				CLANG_WARN_STRICT_PROTOTYPES = YES;
				CLANG_WARN_SUSPICIOUS_MOVE = YES;
				CLANG_WARN_UNGUARDED_AVAILABILITY = YES_AGGRESSIVE;
				CLANG_WARN_UNREACHABLE_CODE = YES;
				CLANG_WARN__DUPLICATE_METHOD_MATCH = YES;
				COPY_PHASE_STRIP = NO;
				DEBUG_INFORMATION_FORMAT = dwarf;
				ENABLE_STRICT_OBJC_MSGSEND = YES;
				ENABLE_TESTABILITY = YES;
				ENABLE_USER_SCRIPT_SANDBOXING = YES;
				GCC_C_LANGUAGE_STANDARD = gnu17;
				GCC_DYNAMIC_NO_PIC = NO;
				GCC_NO_COMMON_BLOCKS = YES;
				GCC_OPTIMIZATION_LEVEL = 0;
				GCC_PREPROCESSOR_DEFINITIONS = (
					"DEBUG=1",
					"$(inherited)",
				);
				GCC_WARN_64_TO_32_BIT_CONVERSION = YES;
				GCC_WARN_ABOUT_RETURN_TYPE = YES_ERROR;
				GCC_WARN_UNDECLARED_SELECTOR = YES;
				GCC_WARN_UNINITIALIZED_AUTOS = YES_AGGRESSIVE;
				GCC_WARN_UNUSED_FUNCTION = YES;
				GCC_WARN_UNUSED_VARIABLE = YES;
				IPHONEOS_DEPLOYMENT_TARGET = 17.0;
				LOCALIZATION_PREFERS_STRING_CATALOGS = YES;
				MTL_ENABLE_DEBUG_INFO = INCLUDE_SOURCE;
				MTL_FAST_MATH = YES;
				ONLY_ACTIVE_ARCH = YES;
				SDKROOT = iphoneos;
				SWIFT_ACTIVE_COMPILATION_CONDITIONS = "DEBUG $(inherited)";
				SWIFT_OPTIMIZATION_LEVEL = "-Onone";
			};
			name = Debug;
		};
		3A5536792B06FBF1009E52E7 /* Release */ = {
			isa = XCBuildConfiguration;
			buildSettings = {
				ALWAYS_SEARCH_USER_PATHS = NO;
				ASSETCATALOG_COMPILER_GENERATE_SWIFT_ASSET_SYMBOL_EXTENSIONS = YES;
				CLANG_ANALYZER_NONNULL = YES;
				CLANG_ANALYZER_NUMBER_OBJECT_CONVERSION = YES_AGGRESSIVE;
				CLANG_CXX_LANGUAGE_STANDARD = "gnu++20";
				CLANG_ENABLE_MODULES = YES;
				CLANG_ENABLE_OBJC_ARC = YES;
				CLANG_ENABLE_OBJC_WEAK = YES;
				CLANG_WARN_BLOCK_CAPTURE_AUTORELEASING = YES;
				CLANG_WARN_BOOL_CONVERSION = YES;
				CLANG_WARN_COMMA = YES;
				CLANG_WARN_CONSTANT_CONVERSION = YES;
				CLANG_WARN_DEPRECATED_OBJC_IMPLEMENTATIONS = YES;
				CLANG_WARN_DIRECT_OBJC_ISA_USAGE = YES_ERROR;
				CLANG_WARN_DOCUMENTATION_COMMENTS = YES;
				CLANG_WARN_EMPTY_BODY = YES;
				CLANG_WARN_ENUM_CONVERSION = YES;
				CLANG_WARN_INFINITE_RECURSION = YES;
				CLANG_WARN_INT_CONVERSION = YES;
				CLANG_WARN_NON_LITERAL_NULL_CONVERSION = YES;
				CLANG_WARN_OBJC_IMPLICIT_RETAIN_SELF = YES;
				CLANG_WARN_OBJC_LITERAL_CONVERSION = YES;
				CLANG_WARN_OBJC_ROOT_CLASS = YES_ERROR;
				CLANG_WARN_QUOTED_INCLUDE_IN_FRAMEWORK_HEADER = YES;
				CLANG_WARN_RANGE_LOOP_ANALYSIS = YES;
				CLANG_WARN_STRICT_PROTOTYPES = YES;
				CLANG_WARN_SUSPICIOUS_MOVE = YES;
				CLANG_WARN_UNGUARDED_AVAILABILITY = YES_AGGRESSIVE;
				CLANG_WARN_UNREACHABLE_CODE = YES;
				CLANG_WARN__DUPLICATE_METHOD_MATCH = YES;
				COPY_PHASE_STRIP = NO;
				DEBUG_INFORMATION_FORMAT = "dwarf-with-dsym";
				ENABLE_NS_ASSERTIONS = NO;
				ENABLE_STRICT_OBJC_MSGSEND = YES;
				ENABLE_USER_SCRIPT_SANDBOXING = YES;
				GCC_C_LANGUAGE_STANDARD = gnu17;
				GCC_NO_COMMON_BLOCKS = YES;
				GCC_WARN_64_TO_32_BIT_CONVERSION = YES;
				GCC_WARN_ABOUT_RETURN_TYPE = YES_ERROR;
				GCC_WARN_UNDECLARED_SELECTOR = YES;
				GCC_WARN_UNINITIALIZED_AUTOS = YES_AGGRESSIVE;
				GCC_WARN_UNUSED_FUNCTION = YES;
				GCC_WARN_UNUSED_VARIABLE = YES;
				IPHONEOS_DEPLOYMENT_TARGET = 17.0;
				LOCALIZATION_PREFERS_STRING_CATALOGS = YES;
				MTL_ENABLE_DEBUG_INFO = NO;
				MTL_FAST_MATH = YES;
				SDKROOT = iphoneos;
				SWIFT_COMPILATION_MODE = wholemodule;
				VALIDATE_PRODUCT = YES;
			};
			name = Release;
		};
		3A55367B2B06FBF1009E52E7 /* Debug */ = {
			isa = XCBuildConfiguration;
			buildSettings = {
				ASSETCATALOG_COMPILER_APPICON_NAME = AppIcon;
				ASSETCATALOG_COMPILER_GLOBAL_ACCENT_COLOR_NAME = AccentColor;
				CODE_SIGN_STYLE = Automatic;
				CURRENT_PROJECT_VERSION = 1;
				DEVELOPMENT_ASSET_PATHS = "\"MovieFinderApp/Preview Content\"";
				ENABLE_PREVIEWS = YES;
				GENERATE_INFOPLIST_FILE = YES;
				INFOPLIST_FILE = MovieFinderApp/Info.plist;
				INFOPLIST_KEY_UIApplicationSceneManifest_Generation = YES;
				INFOPLIST_KEY_UIApplicationSupportsIndirectInputEvents = YES;
				INFOPLIST_KEY_UILaunchScreen_Generation = YES;
				INFOPLIST_KEY_UISupportedInterfaceOrientations_iPad = "UIInterfaceOrientationPortrait UIInterfaceOrientationPortraitUpsideDown UIInterfaceOrientationLandscapeLeft UIInterfaceOrientationLandscapeRight";
				INFOPLIST_KEY_UISupportedInterfaceOrientations_iPhone = "UIInterfaceOrientationPortrait UIInterfaceOrientationLandscapeLeft UIInterfaceOrientationLandscapeRight";
				LD_RUNPATH_SEARCH_PATHS = (
					"$(inherited)",
					"@executable_path/Frameworks",
				);
				MARKETING_VERSION = 1.0;
				PRODUCT_BUNDLE_IDENTIFIER = me.Wong.William.MovieFinderApp;
				PRODUCT_NAME = "$(TARGET_NAME)";
				SWIFT_EMIT_LOC_STRINGS = YES;
				SWIFT_VERSION = 5.0;
				TARGETED_DEVICE_FAMILY = "1,2";
			};
			name = Debug;
		};
		3A55367C2B06FBF1009E52E7 /* Release */ = {
			isa = XCBuildConfiguration;
			buildSettings = {
				ASSETCATALOG_COMPILER_APPICON_NAME = AppIcon;
				ASSETCATALOG_COMPILER_GLOBAL_ACCENT_COLOR_NAME = AccentColor;
				CODE_SIGN_STYLE = Automatic;
				CURRENT_PROJECT_VERSION = 1;
				DEVELOPMENT_ASSET_PATHS = "\"MovieFinderApp/Preview Content\"";
				ENABLE_PREVIEWS = YES;
				GENERATE_INFOPLIST_FILE = YES;
				INFOPLIST_FILE = MovieFinderApp/Info.plist;
				INFOPLIST_KEY_UIApplicationSceneManifest_Generation = YES;
				INFOPLIST_KEY_UIApplicationSupportsIndirectInputEvents = YES;
				INFOPLIST_KEY_UILaunchScreen_Generation = YES;
				INFOPLIST_KEY_UISupportedInterfaceOrientations_iPad = "UIInterfaceOrientationPortrait UIInterfaceOrientationPortraitUpsideDown UIInterfaceOrientationLandscapeLeft UIInterfaceOrientationLandscapeRight";
				INFOPLIST_KEY_UISupportedInterfaceOrientations_iPhone = "UIInterfaceOrientationPortrait UIInterfaceOrientationLandscapeLeft UIInterfaceOrientationLandscapeRight";
				LD_RUNPATH_SEARCH_PATHS = (
					"$(inherited)",
					"@executable_path/Frameworks",
				);
				MARKETING_VERSION = 1.0;
				PRODUCT_BUNDLE_IDENTIFIER = me.Wong.William.MovieFinderApp;
				PRODUCT_NAME = "$(TARGET_NAME)";
				SWIFT_EMIT_LOC_STRINGS = YES;
				SWIFT_VERSION = 5.0;
				TARGETED_DEVICE_FAMILY = "1,2";
			};
			name = Release;
		};
/* End XCBuildConfiguration section */

/* Begin XCConfigurationList section */
		3A5536672B06FBEF009E52E7 /* Build configuration list for PBXProject "MovieFinderApp" */ = {
			isa = XCConfigurationList;
			buildConfigurations = (
				3A5536782B06FBF1009E52E7 /* Debug */,
				3A5536792B06FBF1009E52E7 /* Release */,
			);
			defaultConfigurationIsVisible = 0;
			defaultConfigurationName = Release;
		};
		3A55367A2B06FBF1009E52E7 /* Build configuration list for PBXNativeTarget "MovieFinderApp" */ = {
			isa = XCConfigurationList;
			buildConfigurations = (
				3A55367B2B06FBF1009E52E7 /* Debug */,
				3A55367C2B06FBF1009E52E7 /* Release */,
			);
			defaultConfigurationIsVisible = 0;
			defaultConfigurationName = Release;
		};
/* End XCConfigurationList section */

/* Begin XCRemoteSwiftPackageReference section */
		3A5536832B072539009E52E7 /* XCRemoteSwiftPackageReference "SDWebImageSwiftUI" */ = {
			isa = XCRemoteSwiftPackageReference;
			repositoryURL = "https://github.com/SDWebImage/SDWebImageSwiftUI.git";
			requirement = {
				kind = upToNextMajorVersion;
				minimumVersion = 2.2.4;
			};
		};
/* End XCRemoteSwiftPackageReference section */

/* Begin XCSwiftPackageProductDependency section */
		3A5536842B072539009E52E7 /* SDWebImageSwiftUI */ = {
			isa = XCSwiftPackageProductDependency;
			package = 3A5536832B072539009E52E7 /* XCRemoteSwiftPackageReference "SDWebImageSwiftUI" */;
			productName = SDWebImageSwiftUI;
		};
/* End XCSwiftPackageProductDependency section */
	};
	rootObject = 3A5536642B06FBEF009E52E7 /* Project object */;
}
